
Microsoft Visual Studio Solution File, Format Version 12.00
Project("{FAE04EC0-301F-11D3-BF4B-00C04F79EFBC}") = "MietCurator", "MietCurator\MietCurator.csproj", "{15285783-774B-4F92-9D5D-CF53E35D628E}"
EndProject
Global
	GlobalSection(SolutionConfigurationPlatforms) = preSolution
		Debug|Any CPU = Debug|Any CPU
		Release|Any CPU = Release|Any CPU
	EndGlobalSection
	GlobalSection(ProjectConfigurationPlatforms) = postSolution
		{15285783-774B-4F92-9D5D-CF53E35D628E}.Debug|Any CPU.ActiveCfg = Debug|Any CPU
		{15285783-774B-4F92-9D5D-CF53E35D628E}.Debug|Any CPU.Build.0 = Debug|Any CPU
		{15285783-774B-4F92-9D5D-CF53E35D628E}.Release|Any CPU.ActiveCfg = Release|Any CPU
		{15285783-774B-4F92-9D5D-CF53E35D628E}.Release|Any CPU.Build.0 = Release|Any CPU
	EndGlobalSection
EndGlobal
